// !$*UTF8*$!
{
	archiveVersion = 1;
	classes = {
	};
	objectVersion = 50;
	objects = {

/* Begin PBXBuildFile section */
		3483D10720BCE8510078F55B /* AppDelegate.m in Sources */ = {isa = PBXBuildFile; fileRef = 3483D10620BCE8510078F55B /* AppDelegate.m */; };
		3483D10A20BCE8510078F55B /* ViewController.m in Sources */ = {isa = PBXBuildFile; fileRef = 3483D10920BCE8510078F55B /* ViewController.m */; };
		3483D10D20BCE8510078F55B /* Main.storyboard in Resources */ = {isa = PBXBuildFile; fileRef = 3483D10B20BCE8510078F55B /* Main.storyboard */; };
		3483D10F20BCE8520078F55B /* Assets.xcassets in Resources */ = {isa = PBXBuildFile; fileRef = 3483D10E20BCE8520078F55B /* Assets.xcassets */; };
		3483D11220BCE8520078F55B /* LaunchScreen.storyboard in Resources */ = {isa = PBXBuildFile; fileRef = 3483D11020BCE8520078F55B /* LaunchScreen.storyboard */; };
		3483D11520BCE8530078F55B /* main.m in Sources */ = {isa = PBXBuildFile; fileRef = 3483D11420BCE8530078F55B /* main.m */; };
		3483D11F20BCE8530078F55B /* ___Tests.m in Sources */ = {isa = PBXBuildFile; fileRef = 3483D11E20BCE8530078F55B /* ___Tests.m */; };
		3483D12A20BCE8530078F55B /* ___UITests.m in Sources */ = {isa = PBXBuildFile; fileRef = 3483D12920BCE8530078F55B /* ___UITests.m */; };
		3483D13920BCEBC90078F55B /* Block.m in Sources */ = {isa = PBXBuildFile; fileRef = 3483D13820BCEBC90078F55B /* Block.m */; };
		3483D13C20BCF06E0078F55B /* Blockchain.m in Sources */ = {isa = PBXBuildFile; fileRef = 3483D13B20BCF06E0078F55B /* Blockchain.m */; };
		3483D13F20BCF1ED0078F55B /* NSString+Hash.m in Sources */ = {isa = PBXBuildFile; fileRef = 3483D13E20BCF1ED0078F55B /* NSString+Hash.m */; };
/* End PBXBuildFile section */

/* Begin PBXContainerItemProxy section */
		3483D11B20BCE8530078F55B /* PBXContainerItemProxy */ = {
			isa = PBXContainerItemProxy;
			containerPortal = 3483D0FA20BCE8510078F55B /* Project object */;
			proxyType = 1;
			remoteGlobalIDString = 3483D10120BCE8510078F55B;
			remoteInfo = "区块链";
		};
		3483D12620BCE8530078F55B /* PBXContainerItemProxy */ = {
			isa = PBXContainerItemProxy;
			containerPortal = 3483D0FA20BCE8510078F55B /* Project object */;
			proxyType = 1;
			remoteGlobalIDString = 3483D10120BCE8510078F55B;
			remoteInfo = "区块链";
		};
/* End PBXContainerItemProxy section */

/* Begin PBXFileReference section */
		3483D10220BCE8510078F55B /* 区块链.app */ = {isa = PBXFileReference; explicitFileType = wrapper.application; includeInIndex = 0; path = "区块链.app"; sourceTree = BUILT_PRODUCTS_DIR; };
		3483D10520BCE8510078F55B /* AppDelegate.h */ = {isa = PBXFileReference; lastKnownFileType = sourcecode.c.h; path = AppDelegate.h; sourceTree = "<group>"; };
		3483D10620BCE8510078F55B /* AppDelegate.m */ = {isa = PBXFileReference; lastKnownFileType = sourcecode.c.objc; path = AppDelegate.m; sourceTree = "<group>"; };
		3483D10820BCE8510078F55B /* ViewController.h */ = {isa = PBXFileReference; lastKnownFileType = sourcecode.c.h; path = ViewController.h; sourceTree = "<group>"; };
		3483D10920BCE8510078F55B /* ViewController.m */ = {isa = PBXFileReference; lastKnownFileType = sourcecode.c.objc; path = ViewController.m; sourceTree = "<group>"; };
		3483D10C20BCE8510078F55B /* Base */ = {isa = PBXFileReference; lastKnownFileType = file.storyboard; name = Base; path = Base.lproj/Main.storyboard; sourceTree = "<group>"; };
		3483D10E20BCE8520078F55B /* Assets.xcassets */ = {isa = PBXFileReference; lastKnownFileType = folder.assetcatalog; path = Assets.xcassets; sourceTree = "<group>"; };
		3483D11120BCE8520078F55B /* Base */ = {isa = PBXFileReference; lastKnownFileType = file.storyboard; name = Base; path = Base.lproj/LaunchScreen.storyboard; sourceTree = "<group>"; };
		3483D11320BCE8530078F55B /* Info.plist */ = {isa = PBXFileReference; lastKnownFileType = text.plist.xml; path = Info.plist; sourceTree = "<group>"; };
		3483D11420BCE8530078F55B /* main.m */ = {isa = PBXFileReference; lastKnownFileType = sourcecode.c.objc; path = main.m; sourceTree = "<group>"; };
		3483D11A20BCE8530078F55B /* 区块链Tests.xctest */ = {isa = PBXFileReference; explicitFileType = wrapper.cfbundle; includeInIndex = 0; path = "区块链Tests.xctest"; sourceTree = BUILT_PRODUCTS_DIR; };
		3483D11E20BCE8530078F55B /* ___Tests.m */ = {isa = PBXFileReference; lastKnownFileType = sourcecode.c.objc; path = "___Tests.m"; sourceTree = "<group>"; };
		3483D12020BCE8530078F55B /* Info.plist */ = {isa = PBXFileReference; lastKnownFileType = text.plist.xml; path = Info.plist; sourceTree = "<group>"; };
		3483D12520BCE8530078F55B /* 区块链UITests.xctest */ = {isa = PBXFileReference; explicitFileType = wrapper.cfbundle; includeInIndex = 0; path = "区块链UITests.xctest"; sourceTree = BUILT_PRODUCTS_DIR; };
		3483D12920BCE8530078F55B /* ___UITests.m */ = {isa = PBXFileReference; lastKnownFileType = sourcecode.c.objc; path = "___UITests.m"; sourceTree = "<group>"; };
		3483D12B20BCE8530078F55B /* Info.plist */ = {isa = PBXFileReference; lastKnownFileType = text.plist.xml; path = Info.plist; sourceTree = "<group>"; };
		3483D13720BCEBC90078F55B /* Block.h */ = {isa = PBXFileReference; lastKnownFileType = sourcecode.c.h; path = Block.h; sourceTree = "<group>"; };
		3483D13820BCEBC90078F55B /* Block.m */ = {isa = PBXFileReference; lastKnownFileType = sourcecode.c.objc; path = Block.m; sourceTree = "<group>"; };
		3483D13A20BCF06E0078F55B /* Blockchain.h */ = {isa = PBXFileReference; lastKnownFileType = sourcecode.c.h; path = Blockchain.h; sourceTree = "<group>"; };
		3483D13B20BCF06E0078F55B /* Blockchain.m */ = {isa = PBXFileReference; lastKnownFileType = sourcecode.c.objc; path = Blockchain.m; sourceTree = "<group>"; };
		3483D13D20BCF1ED0078F55B /* NSString+Hash.h */ = {isa = PBXFileReference; lastKnownFileType = sourcecode.c.h; path = "NSString+Hash.h"; sourceTree = "<group>"; };
		3483D13E20BCF1ED0078F55B /* NSString+Hash.m */ = {isa = PBXFileReference; lastKnownFileType = sourcecode.c.objc; path = "NSString+Hash.m"; sourceTree = "<group>"; };
/* End PBXFileReference section */

/* Begin PBXFrameworksBuildPhase section */
		3483D0FF20BCE8510078F55B /* Frameworks */ = {
			isa = PBXFrameworksBuildPhase;
			buildActionMask = 2147483647;
			files = (
			);
			runOnlyForDeploymentPostprocessing = 0;
		};
		3483D11720BCE8530078F55B /* Frameworks */ = {
			isa = PBXFrameworksBuildPhase;
			buildActionMask = 2147483647;
			files = (
			);
			runOnlyForDeploymentPostprocessing = 0;
		};
		3483D12220BCE8530078F55B /* Frameworks */ = {
			isa = PBXFrameworksBuildPhase;
			buildActionMask = 2147483647;
			files = (
			);
			runOnlyForDeploymentPostprocessing = 0;
		};
/* End PBXFrameworksBuildPhase section */

/* Begin PBXGroup section */
		3483D0F920BCE8510078F55B = {
			isa = PBXGroup;
			children = (
				3483D10420BCE8510078F55B /* 区块链 */,
				3483D11D20BCE8530078F55B /* 区块链Tests */,
				3483D12820BCE8530078F55B /* 区块链UITests */,
				3483D10320BCE8510078F55B /* Products */,
			);
			sourceTree = "<group>";
		};
		3483D10320BCE8510078F55B /* Products */ = {
			isa = PBXGroup;
			children = (
				3483D10220BCE8510078F55B /* 区块链.app */,
				3483D11A20BCE8530078F55B /* 区块链Tests.xctest */,
				3483D12520BCE8530078F55B /* 区块链UITests.xctest */,
			);
			name = Products;
			sourceTree = "<group>";
		};
		3483D10420BCE8510078F55B /* 区块链 */ = {
			isa = PBXGroup;
			children = (
				3483D10520BCE8510078F55B /* AppDelegate.h */,
				3483D10620BCE8510078F55B /* AppDelegate.m */,
				3483D13720BCEBC90078F55B /* Block.h */,
				3483D13820BCEBC90078F55B /* Block.m */,
				3483D13A20BCF06E0078F55B /* Blockchain.h */,
				3483D13B20BCF06E0078F55B /* Blockchain.m */,
				3483D10820BCE8510078F55B /* ViewController.h */,
				3483D10920BCE8510078F55B /* ViewController.m */,
				3483D13D20BCF1ED0078F55B /* NSString+Hash.h */,
				3483D13E20BCF1ED0078F55B /* NSString+Hash.m */,
				3483D10B20BCE8510078F55B /* Main.storyboard */,
				3483D10E20BCE8520078F55B /* Assets.xcassets */,
				3483D11020BCE8520078F55B /* LaunchScreen.storyboard */,
				3483D11320BCE8530078F55B /* Info.plist */,
				3483D11420BCE8530078F55B /* main.m */,
			);
			path = "区块链";
			sourceTree = "<group>";
		};
		3483D11D20BCE8530078F55B /* 区块链Tests */ = {
			isa = PBXGroup;
			children = (
				3483D11E20BCE8530078F55B /* ___Tests.m */,
				3483D12020BCE8530078F55B /* Info.plist */,
			);
			path = "区块链Tests";
			sourceTree = "<group>";
		};
		3483D12820BCE8530078F55B /* 区块链UITests */ = {
			isa = PBXGroup;
			children = (
				3483D12920BCE8530078F55B /* ___UITests.m */,
				3483D12B20BCE8530078F55B /* Info.plist */,
			);
			path = "区块链UITests";
			sourceTree = "<group>";
		};
/* End PBXGroup section */

/* Begin PBXNativeTarget section */
		3483D10120BCE8510078F55B /* 区块链 */ = {
			isa = PBXNativeTarget;
			buildConfigurationList = 3483D12E20BCE8530078F55B /* Build configuration list for PBXNativeTarget "区块链" */;
			buildPhases = (
				3483D0FE20BCE8510078F55B /* Sources */,
				3483D0FF20BCE8510078F55B /* Frameworks */,
				3483D10020BCE8510078F55B /* Resources */,
			);
			buildRules = (
			);
			dependencies = (
			);
			name = "区块链";
			productName = "区块链";
			productReference = 3483D10220BCE8510078F55B /* 区块链.app */;
			productType = "com.apple.product-type.application";
		};
		3483D11920BCE8530078F55B /* 区块链Tests */ = {
			isa = PBXNativeTarget;
			buildConfigurationList = 3483D13120BCE8530078F55B /* Build configuration list for PBXNativeTarget "区块链Tests" */;
			buildPhases = (
				3483D11620BCE8530078F55B /* Sources */,
				3483D11720BCE8530078F55B /* Frameworks */,
				3483D11820BCE8530078F55B /* Resources */,
			);
			buildRules = (
			);
			dependencies = (
				3483D11C20BCE8530078F55B /* PBXTargetDependency */,
			);
			name = "区块链Tests";
			productName = "区块链Tests";
			productReference = 3483D11A20BCE8530078F55B /* 区块链Tests.xctest */;
			productType = "com.apple.product-type.bundle.unit-test";
		};
		3483D12420BCE8530078F55B /* 区块链UITests */ = {
			isa = PBXNativeTarget;
			buildConfigurationList = 3483D13420BCE8530078F55B /* Build configuration list for PBXNativeTarget "区块链UITests" */;
			buildPhases = (
				3483D12120BCE8530078F55B /* Sources */,
				3483D12220BCE8530078F55B /* Frameworks */,
				3483D12320BCE8530078F55B /* Resources */,
			);
			buildRules = (
			);
			dependencies = (
				3483D12720BCE8530078F55B /* PBXTargetDependency */,
			);
			name = "区块链UITests";
			productName = "区块链UITests";
			productReference = 3483D12520BCE8530078F55B /* 区块链UITests.xctest */;
			productType = "com.apple.product-type.bundle.ui-testing";
		};
/* End PBXNativeTarget section */

/* Begin PBXProject section */
		3483D0FA20BCE8510078F55B /* Project object */ = {
			isa = PBXProject;
			attributes = {
				LastUpgradeCheck = 0930;
				ORGANIZATIONNAME = cy;
				TargetAttributes = {
					3483D10120BCE8510078F55B = {
						CreatedOnToolsVersion = 9.3;
					};
					3483D11920BCE8530078F55B = {
						CreatedOnToolsVersion = 9.3;
						TestTargetID = 3483D10120BCE8510078F55B;
					};
					3483D12420BCE8530078F55B = {
						CreatedOnToolsVersion = 9.3;
						TestTargetID = 3483D10120BCE8510078F55B;
					};
				};
			};
			buildConfigurationList = 3483D0FD20BCE8510078F55B /* Build configuration list for PBXProject "区块链" */;
			compatibilityVersion = "Xcode 9.3";
			developmentRegion = en;
			hasScannedForEncodings = 0;
			knownRegions = (
				en,
				Base,
			);
			mainGroup = 3483D0F920BCE8510078F55B;
			productRefGroup = 3483D10320BCE8510078F55B /* Products */;
			projectDirPath = "";
			projectRoot = "";
			targets = (
				3483D10120BCE8510078F55B /* 区块链 */,
				3483D11920BCE8530078F55B /* 区块链Tests */,
				3483D12420BCE8530078F55B /* 区块链UITests */,
			);
		};
/* End PBXProject section */

/* Begin PBXResourcesBuildPhase section */
		3483D10020BCE8510078F55B /* Resources */ = {
			isa = PBXResourcesBuildPhase;
			buildActionMask = 2147483647;
			files = (
				3483D11220BCE8520078F55B /* LaunchScreen.storyboard in Resources */,
				3483D10F20BCE8520078F55B /* Assets.xcassets in Resources */,
				3483D10D20BCE8510078F55B /* Main.storyboard in Resources */,
			);
			runOnlyForDeploymentPostprocessing = 0;
		};
		3483D11820BCE8530078F55B /* Resources */ = {
			isa = PBXResourcesBuildPhase;
			buildActionMask = 2147483647;
			files = (
			);
			runOnlyForDeploymentPostprocessing = 0;
		};
		3483D12320BCE8530078F55B /* Resources */ = {
			isa = PBXResourcesBuildPhase;
			buildActionMask = 2147483647;
			files = (
			);
			runOnlyForDeploymentPostprocessing = 0;
		};
/* End PBXResourcesBuildPhase section */

/* Begin PBXSourcesBuildPhase section */
		3483D0FE20BCE8510078F55B /* Sources */ = {
			isa = PBXSourcesBuildPhase;
			buildActionMask = 2147483647;
			files = (
				3483D13C20BCF06E0078F55B /* Blockchain.m in Sources */,
				3483D13F20BCF1ED0078F55B /* NSString+Hash.m in Sources */,
				3483D10A20BCE8510078F55B /* ViewController.m in Sources */,
				3483D13920BCEBC90078F55B /* Block.m in Sources */,
				3483D11520BCE8530078F55B /* main.m in Sources */,
				3483D10720BCE8510078F55B /* AppDelegate.m in Sources */,
			);
			runOnlyForDeploymentPostprocessing = 0;
		};
		3483D11620BCE8530078F55B /* Sources */ = {
			isa = PBXSourcesBuildPhase;
			buildActionMask = 2147483647;
			files = (
				3483D11F20BCE8530078F55B /* ___Tests.m in Sources */,
			);
			runOnlyForDeploymentPostprocessing = 0;
		};
		3483D12120BCE8530078F55B /* Sources */ = {
			isa = PBXSourcesBuildPhase;
			buildActionMask = 2147483647;
			files = (
				3483D12A20BCE8530078F55B /* ___UITests.m in Sources */,
			);
			runOnlyForDeploymentPostprocessing = 0;
		};
/* End PBXSourcesBuildPhase section */

/* Begin PBXTargetDependency section */
		3483D11C20BCE8530078F55B /* PBXTargetDependency */ = {
			isa = PBXTargetDependency;
			target = 3483D10120BCE8510078F55B /* 区块链 */;
			targetProxy = 3483D11B20BCE8530078F55B /* PBXContainerItemProxy */;
		};
		3483D12720BCE8530078F55B /* PBXTargetDependency */ = {
			isa = PBXTargetDependency;
			target = 3483D10120BCE8510078F55B /* 区块链 */;
			targetProxy = 3483D12620BCE8530078F55B /* PBXContainerItemProxy */;
		};
/* End PBXTargetDependency section */

/* Begin PBXVariantGroup section */
		3483D10B20BCE8510078F55B /* Main.storyboard */ = {
			isa = PBXVariantGroup;
			children = (
				3483D10C20BCE8510078F55B /* Base */,
			);
			name = Main.storyboard;
			sourceTree = "<group>";
		};
		3483D11020BCE8520078F55B /* LaunchScreen.storyboard */ = {
			isa = PBXVariantGroup;
			children = (
				3483D11120BCE8520078F55B /* Base */,
			);
			name = LaunchScreen.storyboard;
			sourceTree = "<group>";
		};
/* End PBXVariantGroup section */

/* Begin XCBuildConfiguration section */
		3483D12C20BCE8530078F55B /* Debug */ = {
			isa = XCBuildConfiguration;
			buildSettings = {
				ALWAYS_SEARCH_USER_PATHS = NO;
				CLANG_ANALYZER_NONNULL = YES;
				CLANG_ANALYZER_NUMBER_OBJECT_CONVERSION = YES_AGGRESSIVE;
				CLANG_CXX_LANGUAGE_STANDARD = "gnu++14";
				CLANG_CXX_LIBRARY = "libc++";
				CLANG_ENABLE_MODULES = YES;
				CLANG_ENABLE_OBJC_ARC = YES;
				CLANG_ENABLE_OBJC_WEAK = YES;
				CLANG_WARN_BLOCK_CAPTURE_AUTORELEASING = YES;
				CLANG_WARN_BOOL_CONVERSION = YES;
				CLANG_WARN_COMMA = YES;
				CLANG_WARN_CONSTANT_CONVERSION = YES;
				CLANG_WARN_DEPRECATED_OBJC_IMPLEMENTATIONS = YES;
				CLANG_WARN_DIRECT_OBJC_ISA_USAGE = YES_ERROR;
				CLANG_WARN_DOCUMENTATION_COMMENTS = YES;
				CLANG_WARN_EMPTY_BODY = YES;
				CLANG_WARN_ENUM_CONVERSION = YES;
				CLANG_WARN_INFINITE_RECURSION = YES;
				CLANG_WARN_INT_CONVERSION = YES;
				CLANG_WARN_NON_LITERAL_NULL_CONVERSION = YES;
				CLANG_WARN_OBJC_IMPLICIT_RETAIN_SELF = YES;
				CLANG_WARN_OBJC_LITERAL_CONVERSION = YES;
				CLANG_WARN_OBJC_ROOT_CLASS = YES_ERROR;
				CLANG_WARN_RANGE_LOOP_ANALYSIS = YES;
				CLANG_WARN_STRICT_PROTOTYPES = YES;
				CLANG_WARN_SUSPICIOUS_MOVE = YES;
				CLANG_WARN_UNGUARDED_AVAILABILITY = YES_AGGRESSIVE;
				CLANG_WARN_UNREACHABLE_CODE = YES;
				CLANG_WARN__DUPLICATE_METHOD_MATCH = YES;
				CODE_SIGN_IDENTITY = "iPhone Developer";
				COPY_PHASE_STRIP = NO;
				DEBUG_INFORMATION_FORMAT = dwarf;
				ENABLE_STRICT_OBJC_MSGSEND = YES;
				ENABLE_TESTABILITY = YES;
				GCC_C_LANGUAGE_STANDARD = gnu11;
				GCC_DYNAMIC_NO_PIC = NO;
				GCC_NO_COMMON_BLOCKS = YES;
				GCC_OPTIMIZATION_LEVEL = 0;
				GCC_PREPROCESSOR_DEFINITIONS = (
					"DEBUG=1",
					"$(inherited)",
				);
				GCC_WARN_64_TO_32_BIT_CONVERSION = YES;
				GCC_WARN_ABOUT_RETURN_TYPE = YES_ERROR;
				GCC_WARN_UNDECLARED_SELECTOR = YES;
				GCC_WARN_UNINITIALIZED_AUTOS = YES_AGGRESSIVE;
				GCC_WARN_UNUSED_FUNCTION = YES;
				GCC_WARN_UNUSED_VARIABLE = YES;
				IPHONEOS_DEPLOYMENT_TARGET = 11.3;
				MTL_ENABLE_DEBUG_INFO = YES;
				ONLY_ACTIVE_ARCH = YES;
				SDKROOT = iphoneos;
			};
			name = Debug;
		};
		3483D12D20BCE8530078F55B /* Release */ = {
			isa = XCBuildConfiguration;
			buildSettings = {
				ALWAYS_SEARCH_USER_PATHS = NO;
				CLANG_ANALYZER_NONNULL = YES;
				CLANG_ANALYZER_NUMBER_OBJECT_CONVERSION = YES_AGGRESSIVE;
				CLANG_CXX_LANGUAGE_STANDARD = "gnu++14";
				CLANG_CXX_LIBRARY = "libc++";
				CLANG_ENABLE_MODULES = YES;
				CLANG_ENABLE_OBJC_ARC = YES;
				CLANG_ENABLE_OBJC_WEAK = YES;
				CLANG_WARN_BLOCK_CAPTURE_AUTORELEASING = YES;
				CLANG_WARN_BOOL_CONVERSION = YES;
				CLANG_WARN_COMMA = YES;
				CLANG_WARN_CONSTANT_CONVERSION = YES;
				CLANG_WARN_DEPRECATED_OBJC_IMPLEMENTATIONS = YES;
				CLANG_WARN_DIRECT_OBJC_ISA_USAGE = YES_ERROR;
				CLANG_WARN_DOCUMENTATION_COMMENTS = YES;
				CLANG_WARN_EMPTY_BODY = YES;
				CLANG_WARN_ENUM_CONVERSION = YES;
				CLANG_WARN_INFINITE_RECURSION = YES;
				CLANG_WARN_INT_CONVERSION = YES;
				CLANG_WARN_NON_LITERAL_NULL_CONVERSION = YES;
				CLANG_WARN_OBJC_IMPLICIT_RETAIN_SELF = YES;
				CLANG_WARN_OBJC_LITERAL_CONVERSION = YES;
				CLANG_WARN_OBJC_ROOT_CLASS = YES_ERROR;
				CLANG_WARN_RANGE_LOOP_ANALYSIS = YES;
				CLANG_WARN_STRICT_PROTOTYPES = YES;
				CLANG_WARN_SUSPICIOUS_MOVE = YES;
				CLANG_WARN_UNGUARDED_AVAILABILITY = YES_AGGRESSIVE;
				CLANG_WARN_UNREACHABLE_CODE = YES;
				CLANG_WARN__DUPLICATE_METHOD_MATCH = YES;
				CODE_SIGN_IDENTITY = "iPhone Developer";
				COPY_PHASE_STRIP = NO;
				DEBUG_INFORMATION_FORMAT = "dwarf-with-dsym";
				ENABLE_NS_ASSERTIONS = NO;
				ENABLE_STRICT_OBJC_MSGSEND = YES;
				GCC_C_LANGUAGE_STANDARD = gnu11;
				GCC_NO_COMMON_BLOCKS = YES;
				GCC_WARN_64_TO_32_BIT_CONVERSION = YES;
				GCC_WARN_ABOUT_RETURN_TYPE = YES_ERROR;
				GCC_WARN_UNDECLARED_SELECTOR = YES;
				GCC_WARN_UNINITIALIZED_AUTOS = YES_AGGRESSIVE;
				GCC_WARN_UNUSED_FUNCTION = YES;
				GCC_WARN_UNUSED_VARIABLE = YES;
				IPHONEOS_DEPLOYMENT_TARGET = 11.3;
				MTL_ENABLE_DEBUG_INFO = NO;
				SDKROOT = iphoneos;
				VALIDATE_PRODUCT = YES;
			};
			name = Release;
		};
		3483D12F20BCE8530078F55B /* Debug */ = {
			isa = XCBuildConfiguration;
			buildSettings = {
				ASSETCATALOG_COMPILER_APPICON_NAME = AppIcon;
				CODE_SIGN_STYLE = Automatic;
				DEVELOPMENT_TEAM = 936W493R8K;
				INFOPLIST_FILE = "区块链/Info.plist";
				LD_RUNPATH_SEARCH_PATHS = (
					"$(inherited)",
					"@executable_path/Frameworks",
				);
				PRODUCT_BUNDLE_IDENTIFIER = "com.cy.---";
				PRODUCT_NAME = "$(TARGET_NAME)";
				TARGETED_DEVICE_FAMILY = "1,2";
			};
			name = Debug;
		};
		3483D13020BCE8530078F55B /* Release */ = {
			isa = XCBuildConfiguration;
			buildSettings = {
				ASSETCATALOG_COMPILER_APPICON_NAME = AppIcon;
				CODE_SIGN_STYLE = Automatic;
				DEVELOPMENT_TEAM = 936W493R8K;
				INFOPLIST_FILE = "区块链/Info.plist";
				LD_RUNPATH_SEARCH_PATHS = (
					"$(inherited)",
					"@executable_path/Frameworks",
				);
				PRODUCT_BUNDLE_IDENTIFIER = "com.cy.---";
				PRODUCT_NAME = "$(TARGET_NAME)";
				TARGETED_DEVICE_FAMILY = "1,2";
			};
			name = Release;
		};
		3483D13220BCE8530078F55B /* Debug */ = {
			isa = XCBuildConfiguration;
			buildSettings = {
				BUNDLE_LOADER = "$(TEST_HOST)";
				CODE_SIGN_STYLE = Automatic;
				DEVELOPMENT_TEAM = 936W493R8K;
				INFOPLIST_FILE = "区块链Tests/Info.plist";
				LD_RUNPATH_SEARCH_PATHS = (
					"$(inherited)",
					"@executable_path/Frameworks",
					"@loader_path/Frameworks",
				);
				PRODUCT_BUNDLE_IDENTIFIER = "com.cy.---Tests";
				PRODUCT_NAME = "$(TARGET_NAME)";
				TARGETED_DEVICE_FAMILY = "1,2";
				TEST_HOST = "$(BUILT_PRODUCTS_DIR)/区块链.app/区块链";
			};
			name = Debug;
		};
		3483D13320BCE8530078F55B /* Release */ = {
			isa = XCBuildConfiguration;
			buildSettings = {
				BUNDLE_LOADER = "$(TEST_HOST)";
				CODE_SIGN_STYLE = Automatic;
				DEVELOPMENT_TEAM = 936W493R8K;
				INFOPLIST_FILE = "区块链Tests/Info.plist";
				LD_RUNPATH_SEARCH_PATHS = (
					"$(inherited)",
					"@executable_path/Frameworks",
					"@loader_path/Frameworks",
				);
				PRODUCT_BUNDLE_IDENTIFIER = "com.cy.---Tests";
				PRODUCT_NAME = "$(TARGET_NAME)";
				TARGETED_DEVICE_FAMILY = "1,2";
				TEST_HOST = "$(BUILT_PRODUCTS_DIR)/区块链.app/区块链";
			};
			name = Release;
		};
		3483D13520BCE8530078F55B /* Debug */ = {
			isa = XCBuildConfiguration;
			buildSettings = {
				CODE_SIGN_STYLE = Automatic;
				DEVELOPMENT_TEAM = 936W493R8K;
				INFOPLIST_FILE = "区块链UITests/Info.plist";
				LD_RUNPATH_SEARCH_PATHS = (
					"$(inherited)",
					"@executable_path/Frameworks",
					"@loader_path/Frameworks",
				);
				PRODUCT_BUNDLE_IDENTIFIER = "com.cy.---UITests";
				PRODUCT_NAME = "$(TARGET_NAME)";
				TARGETED_DEVICE_FAMILY = "1,2";
				TEST_TARGET_NAME = "区块链";
			};
			name = Debug;
		};
		3483D13620BCE8530078F55B /* Release */ = {
			isa = XCBuildConfiguration;
			buildSettings = {
				CODE_SIGN_STYLE = Automatic;
				DEVELOPMENT_TEAM = 936W493R8K;
				INFOPLIST_FILE = "区块链UITests/Info.plist";
				LD_RUNPATH_SEARCH_PATHS = (
					"$(inherited)",
					"@executable_path/Frameworks",
					"@loader_path/Frameworks",
				);
				PRODUCT_BUNDLE_IDENTIFIER = "com.cy.---UITests";
				PRODUCT_NAME = "$(TARGET_NAME)";
				TARGETED_DEVICE_FAMILY = "1,2";
				TEST_TARGET_NAME = "区块链";
			};
			name = Release;
		};
/* End XCBuildConfiguration section */

/* Begin XCConfigurationList section */
		3483D0FD20BCE8510078F55B /* Build configuration list for PBXProject "区块链" */ = {
			isa = XCConfigurationList;
			buildConfigurations = (
				3483D12C20BCE8530078F55B /* Debug */,
				3483D12D20BCE8530078F55B /* Release */,
			);
			defaultConfigurationIsVisible = 0;
			defaultConfigurationName = Release;
		};
		3483D12E20BCE8530078F55B /* Build configuration list for PBXNativeTarget "区块链" */ = {
			isa = XCConfigurationList;
			buildConfigurations = (
				3483D12F20BCE8530078F55B /* Debug */,
				3483D13020BCE8530078F55B /* Release */,
			);
			defaultConfigurationIsVisible = 0;
			defaultConfigurationName = Release;
		};
		3483D13120BCE8530078F55B /* Build configuration list for PBXNativeTarget "区块链Tests" */ = {
			isa = XCConfigurationList;
			buildConfigurations = (
				3483D13220BCE8530078F55B /* Debug */,
				3483D13320BCE8530078F55B /* Release */,
			);
			defaultConfigurationIsVisible = 0;
			defaultConfigurationName = Release;
		};
		3483D13420BCE8530078F55B /* Build configuration list for PBXNativeTarget "区块链UITests" */ = {
			isa = XCConfigurationList;
			buildConfigurations = (
				3483D13520BCE8530078F55B /* Debug */,
				3483D13620BCE8530078F55B /* Release */,
			);
			defaultConfigurationIsVisible = 0;
			defaultConfigurationName = Release;
		};
/* End XCConfigurationList section */
	};
	rootObject = 3483D0FA20BCE8510078F55B /* Project object */;
}
